
Microsoft Visual Studio Solution File, Format Version 12.00
# Visual Studio Version 16
VisualStudioVersion = 16.0.30621.155
MinimumVisualStudioVersion = 10.0.40219.1
Project("{FAE04EC0-301F-11D3-BF4B-00C04F79EFBC}") = "test", "test\test.csproj", "{51AC73B7-DCB9-4F07-82D4-987664B76429}"
EndProject
Global
	GlobalSection(SolutionConfigurationPlatforms) = preSolution
		Debug|Any CPU = Debug|Any CPU
		Release|Any CPU = Release|Any CPU
	EndGlobalSection
	GlobalSection(ProjectConfigurationPlatforms) = postSolution
		{51AC73B7-DCB9-4F07-82D4-987664B76429}.Debug|Any CPU.ActiveCfg = Debug|Any CPU
		{51AC73B7-DCB9-4F07-82D4-987664B76429}.Debug|Any CPU.Build.0 = Debug|Any CPU
		{51AC73B7-DCB9-4F07-82D4-987664B76429}.Release|Any CPU.ActiveCfg = Release|Any CPU
		{51AC73B7-DCB9-4F07-82D4-987664B76429}.Release|Any CPU.Build.0 = Release|Any CPU
	EndGlobalSection
	GlobalSection(SolutionProperties) = preSolution
		HideSolutionNode = FALSE
	EndGlobalSection
	GlobalSection(ExtensibilityGlobals) = postSolution
		SolutionGuid = {C01A86C2-AAC0-49BE-8AAF-E08F71FDD098}
	EndGlobalSection
EndGlobal
