
Microsoft Visual Studio Solution File, Format Version 12.00
# Visual Studio Version 16
VisualStudioVersion = 16.0.30621.155
MinimumVisualStudioVersion = 10.0.40219.1
Project("{FAE04EC0-301F-11D3-BF4B-00C04F79EFBC}") = "7.6", "7.6\7.6.csproj", "{615699FB-7301-4FD0-9ED4-0E5FFCB55F19}"
EndProject
Global
	GlobalSection(SolutionConfigurationPlatforms) = preSolution
		Debug|Any CPU = Debug|Any CPU
		Release|Any CPU = Release|Any CPU
	EndGlobalSection
	GlobalSection(ProjectConfigurationPlatforms) = postSolution
		{615699FB-7301-4FD0-9ED4-0E5FFCB55F19}.Debug|Any CPU.ActiveCfg = Debug|Any CPU
		{615699FB-7301-4FD0-9ED4-0E5FFCB55F19}.Debug|Any CPU.Build.0 = Debug|Any CPU
		{615699FB-7301-4FD0-9ED4-0E5FFCB55F19}.Release|Any CPU.ActiveCfg = Release|Any CPU
		{615699FB-7301-4FD0-9ED4-0E5FFCB55F19}.Release|Any CPU.Build.0 = Release|Any CPU
	EndGlobalSection
	GlobalSection(SolutionProperties) = preSolution
		HideSolutionNode = FALSE
	EndGlobalSection
	GlobalSection(ExtensibilityGlobals) = postSolution
		SolutionGuid = {39C7F26C-A71F-4577-BF66-2BB011DC817F}
	EndGlobalSection
EndGlobal
