
Microsoft Visual Studio Solution File, Format Version 12.00
# Visual Studio Version 16
VisualStudioVersion = 16.0.30621.155
MinimumVisualStudioVersion = 10.0.40219.1
Project("{FAE04EC0-301F-11D3-BF4B-00C04F79EFBC}") = "7.13", "7.13\7.13.csproj", "{1C66DBA6-1687-40ED-BA9A-717AD4FF671D}"
EndProject
Global
	GlobalSection(SolutionConfigurationPlatforms) = preSolution
		Debug|Any CPU = Debug|Any CPU
		Release|Any CPU = Release|Any CPU
	EndGlobalSection
	GlobalSection(ProjectConfigurationPlatforms) = postSolution
		{1C66DBA6-1687-40ED-BA9A-717AD4FF671D}.Debug|Any CPU.ActiveCfg = Debug|Any CPU
		{1C66DBA6-1687-40ED-BA9A-717AD4FF671D}.Debug|Any CPU.Build.0 = Debug|Any CPU
		{1C66DBA6-1687-40ED-BA9A-717AD4FF671D}.Release|Any CPU.ActiveCfg = Release|Any CPU
		{1C66DBA6-1687-40ED-BA9A-717AD4FF671D}.Release|Any CPU.Build.0 = Release|Any CPU
	EndGlobalSection
	GlobalSection(SolutionProperties) = preSolution
		HideSolutionNode = FALSE
	EndGlobalSection
	GlobalSection(ExtensibilityGlobals) = postSolution
		SolutionGuid = {1A8AA4F7-9E16-44C6-A1DE-C39FAFB43EA0}
	EndGlobalSection
EndGlobal
